
Microsoft Visual Studio Solution File, Format Version 12.00
Project("{2150E333-8FDC-42A3-9474-1A3956D46DE8}") = "src", "src", "{E1F5CB81-9411-4199-8B38-406C15AA1C6A}"
EndProject
Project("{FAE04EC0-301F-11D3-BF4B-00C04F79EFBC}") = "TaskExecutor", "TaskExecutor\TaskExecutor.csproj", "{CDF5DC7E-6227-4CA6-A145-B9F97C69D011}"
EndProject
Project("{FAE04EC0-301F-11D3-BF4B-00C04F79EFBC}") = "Worker", "Worker\Worker.csproj", "{5301435F-186A-490F-898B-4105904F04ED}"
EndProject
Global
	GlobalSection(SolutionConfigurationPlatforms) = preSolution
		Debug|Any CPU = Debug|Any CPU
		Release|Any CPU = Release|Any CPU
	EndGlobalSection
	GlobalSection(NestedProjects) = preSolution
		{CDF5DC7E-6227-4CA6-A145-B9F97C69D011} = {E1F5CB81-9411-4199-8B38-406C15AA1C6A}
		{5301435F-186A-490F-898B-4105904F04ED} = {E1F5CB81-9411-4199-8B38-406C15AA1C6A}
	EndGlobalSection
	GlobalSection(ProjectConfigurationPlatforms) = postSolution
		{CDF5DC7E-6227-4CA6-A145-B9F97C69D011}.Debug|Any CPU.ActiveCfg = Debug|Any CPU
		{CDF5DC7E-6227-4CA6-A145-B9F97C69D011}.Debug|Any CPU.Build.0 = Debug|Any CPU
		{CDF5DC7E-6227-4CA6-A145-B9F97C69D011}.Release|Any CPU.ActiveCfg = Release|Any CPU
		{CDF5DC7E-6227-4CA6-A145-B9F97C69D011}.Release|Any CPU.Build.0 = Release|Any CPU
		{5301435F-186A-490F-898B-4105904F04ED}.Debug|Any CPU.ActiveCfg = Debug|Any CPU
		{5301435F-186A-490F-898B-4105904F04ED}.Debug|Any CPU.Build.0 = Debug|Any CPU
		{5301435F-186A-490F-898B-4105904F04ED}.Release|Any CPU.ActiveCfg = Release|Any CPU
		{5301435F-186A-490F-898B-4105904F04ED}.Release|Any CPU.Build.0 = Release|Any CPU
	EndGlobalSection
EndGlobal
